
Microsoft Visual Studio Solution File, Format Version 12.00
# Visual Studio 2012
Project("{FAE04EC0-301F-11D3-BF4B-00C04F79EFBC}") = "BenchLab.Bases", "BenchLab.Bases\BenchLab.Bases.csproj", "{FECA4E69-CABE-4119-AF10-AE1A265057A6}"
EndProject
Project("{FAE04EC0-301F-11D3-BF4B-00C04F79EFBC}") = "BenchLab.DataAccess", "BenchLab.DataAccess\BenchLab.DataAccess.csproj", "{54D0CF84-97CF-421A-AC07-B9EE37A68100}"
EndProject
Project("{FAE04EC0-301F-11D3-BF4B-00C04F79EFBC}") = "BenchLab.ErrorLog", "BenchLab.ErrorLog\BenchLab.ErrorLog.csproj", "{6C29E55A-F273-46FE-9334-183DAABD3943}"
EndProject
Project("{FAE04EC0-301F-11D3-BF4B-00C04F79EFBC}") = "BenchLab.Model", "BenchLab.Model\BenchLab.Model.csproj", "{8C32A4E9-BDD0-416E-8CD7-1FB6FA28571F}"
EndProject
Project("{FAE04EC0-301F-11D3-BF4B-00C04F79EFBC}") = "BenchLab.Resources", "BenchLab.Resources\BenchLab.Resources.csproj", "{EAEC48A0-F95D-43CD-A75C-55088651B503}"
EndProject
Project("{FAE04EC0-301F-11D3-BF4B-00C04F79EFBC}") = "BenchLab.UI.UserControls", "BenchLab.UI.UserControls\BenchLab.UI.UserControls.csproj", "{20ECB6F2-6464-48DF-8BDE-3F1B4B5B27C7}"
EndProject
Project("{FAE04EC0-301F-11D3-BF4B-00C04F79EFBC}") = "BenchLab.View", "BenchLab.View\BenchLab.View.csproj", "{938A7D23-27CE-4343-ADBB-8D7F0175AB7F}"
EndProject
Project("{2150E333-8FDC-42A3-9474-1A3956D46DE8}") = "Solution Items", "Solution Items", "{D691F65B-80B8-4810-BF6C-DB600B938875}"
EndProject
Project("{FAE04EC0-301F-11D3-BF4B-00C04F79EFBC}") = "BenchLab.Widget", "BenchLab.Widget\BenchLab.Widget.csproj", "{4D2AECB1-C41C-450C-B89E-73D9BC6C1DE7}"
EndProject
Project("{FAE04EC0-301F-11D3-BF4B-00C04F79EFBC}") = "BenchLab.ViewModel", "BenchLab.ViewModel\BenchLab.ViewModel.csproj", "{D22CE8F9-6B61-41A9-9F75-A06ADA91D0E6}"
EndProject
Project("{6141683F-8A12-4E36-9623-2EB02B2C2303}") = "BenchLabSetup", "BenchLabSetup\BenchLabSetup.isproj", "{58577031-4ECC-43FF-99A0-855CC06E9EB5}"
	ProjectSection(ProjectDependencies) = postProject
		{938A7D23-27CE-4343-ADBB-8D7F0175AB7F} = {938A7D23-27CE-4343-ADBB-8D7F0175AB7F}
	EndProjectSection
EndProject
Global
	GlobalSection(SolutionConfigurationPlatforms) = preSolution
		CD_ROM|Any CPU = CD_ROM|Any CPU
		Debug|Any CPU = Debug|Any CPU
		DVD-5|Any CPU = DVD-5|Any CPU
		Release|Any CPU = Release|Any CPU
		SingleImage|Any CPU = SingleImage|Any CPU
	EndGlobalSection
	GlobalSection(ProjectConfigurationPlatforms) = postSolution
		{FECA4E69-CABE-4119-AF10-AE1A265057A6}.CD_ROM|Any CPU.ActiveCfg = Release|Any CPU
		{FECA4E69-CABE-4119-AF10-AE1A265057A6}.CD_ROM|Any CPU.Build.0 = Release|Any CPU
		{FECA4E69-CABE-4119-AF10-AE1A265057A6}.Debug|Any CPU.ActiveCfg = Debug|Any CPU
		{FECA4E69-CABE-4119-AF10-AE1A265057A6}.Debug|Any CPU.Build.0 = Debug|Any CPU
		{FECA4E69-CABE-4119-AF10-AE1A265057A6}.DVD-5|Any CPU.ActiveCfg = Debug|Any CPU
		{FECA4E69-CABE-4119-AF10-AE1A265057A6}.DVD-5|Any CPU.Build.0 = Debug|Any CPU
		{FECA4E69-CABE-4119-AF10-AE1A265057A6}.Release|Any CPU.ActiveCfg = Release|Any CPU
		{FECA4E69-CABE-4119-AF10-AE1A265057A6}.Release|Any CPU.Build.0 = Release|Any CPU
		{FECA4E69-CABE-4119-AF10-AE1A265057A6}.SingleImage|Any CPU.ActiveCfg = Release|Any CPU
		{FECA4E69-CABE-4119-AF10-AE1A265057A6}.SingleImage|Any CPU.Build.0 = Release|Any CPU
		{54D0CF84-97CF-421A-AC07-B9EE37A68100}.CD_ROM|Any CPU.ActiveCfg = Release|Any CPU
		{54D0CF84-97CF-421A-AC07-B9EE37A68100}.CD_ROM|Any CPU.Build.0 = Release|Any CPU
		{54D0CF84-97CF-421A-AC07-B9EE37A68100}.Debug|Any CPU.ActiveCfg = Debug|Any CPU
		{54D0CF84-97CF-421A-AC07-B9EE37A68100}.Debug|Any CPU.Build.0 = Debug|Any CPU
		{54D0CF84-97CF-421A-AC07-B9EE37A68100}.DVD-5|Any CPU.ActiveCfg = Debug|Any CPU
		{54D0CF84-97CF-421A-AC07-B9EE37A68100}.DVD-5|Any CPU.Build.0 = Debug|Any CPU
		{54D0CF84-97CF-421A-AC07-B9EE37A68100}.Release|Any CPU.ActiveCfg = Release|Any CPU
		{54D0CF84-97CF-421A-AC07-B9EE37A68100}.Release|Any CPU.Build.0 = Release|Any CPU
		{54D0CF84-97CF-421A-AC07-B9EE37A68100}.SingleImage|Any CPU.ActiveCfg = Release|Any CPU
		{54D0CF84-97CF-421A-AC07-B9EE37A68100}.SingleImage|Any CPU.Build.0 = Release|Any CPU
		{6C29E55A-F273-46FE-9334-183DAABD3943}.CD_ROM|Any CPU.ActiveCfg = Release|Any CPU
		{6C29E55A-F273-46FE-9334-183DAABD3943}.CD_ROM|Any CPU.Build.0 = Release|Any CPU
		{6C29E55A-F273-46FE-9334-183DAABD3943}.Debug|Any CPU.ActiveCfg = Debug|Any CPU
		{6C29E55A-F273-46FE-9334-183DAABD3943}.Debug|Any CPU.Build.0 = Debug|Any CPU
		{6C29E55A-F273-46FE-9334-183DAABD3943}.DVD-5|Any CPU.ActiveCfg = Debug|Any CPU
		{6C29E55A-F273-46FE-9334-183DAABD3943}.DVD-5|Any CPU.Build.0 = Debug|Any CPU
		{6C29E55A-F273-46FE-9334-183DAABD3943}.Release|Any CPU.ActiveCfg = Release|Any CPU
		{6C29E55A-F273-46FE-9334-183DAABD3943}.Release|Any CPU.Build.0 = Release|Any CPU
		{6C29E55A-F273-46FE-9334-183DAABD3943}.SingleImage|Any CPU.ActiveCfg = Release|Any CPU
		{6C29E55A-F273-46FE-9334-183DAABD3943}.SingleImage|Any CPU.Build.0 = Release|Any CPU
		{8C32A4E9-BDD0-416E-8CD7-1FB6FA28571F}.CD_ROM|Any CPU.ActiveCfg = Release|Any CPU
		{8C32A4E9-BDD0-416E-8CD7-1FB6FA28571F}.CD_ROM|Any CPU.Build.0 = Release|Any CPU
		{8C32A4E9-BDD0-416E-8CD7-1FB6FA28571F}.Debug|Any CPU.ActiveCfg = Debug|Any CPU
		{8C32A4E9-BDD0-416E-8CD7-1FB6FA28571F}.Debug|Any CPU.Build.0 = Debug|Any CPU
		{8C32A4E9-BDD0-416E-8CD7-1FB6FA28571F}.DVD-5|Any CPU.ActiveCfg = Debug|Any CPU
		{8C32A4E9-BDD0-416E-8CD7-1FB6FA28571F}.DVD-5|Any CPU.Build.0 = Debug|Any CPU
		{8C32A4E9-BDD0-416E-8CD7-1FB6FA28571F}.Release|Any CPU.ActiveCfg = Release|Any CPU
		{8C32A4E9-BDD0-416E-8CD7-1FB6FA28571F}.Release|Any CPU.Build.0 = Release|Any CPU
		{8C32A4E9-BDD0-416E-8CD7-1FB6FA28571F}.SingleImage|Any CPU.ActiveCfg = Release|Any CPU
		{8C32A4E9-BDD0-416E-8CD7-1FB6FA28571F}.SingleImage|Any CPU.Build.0 = Release|Any CPU
		{EAEC48A0-F95D-43CD-A75C-55088651B503}.CD_ROM|Any CPU.ActiveCfg = Release|Any CPU
		{EAEC48A0-F95D-43CD-A75C-55088651B503}.CD_ROM|Any CPU.Build.0 = Release|Any CPU
		{EAEC48A0-F95D-43CD-A75C-55088651B503}.Debug|Any CPU.ActiveCfg = Debug|Any CPU
		{EAEC48A0-F95D-43CD-A75C-55088651B503}.Debug|Any CPU.Build.0 = Debug|Any CPU
		{EAEC48A0-F95D-43CD-A75C-55088651B503}.DVD-5|Any CPU.ActiveCfg = Debug|Any CPU
		{EAEC48A0-F95D-43CD-A75C-55088651B503}.DVD-5|Any CPU.Build.0 = Debug|Any CPU
		{EAEC48A0-F95D-43CD-A75C-55088651B503}.Release|Any CPU.ActiveCfg = Release|Any CPU
		{EAEC48A0-F95D-43CD-A75C-55088651B503}.Release|Any CPU.Build.0 = Release|Any CPU
		{EAEC48A0-F95D-43CD-A75C-55088651B503}.SingleImage|Any CPU.ActiveCfg = Release|Any CPU
		{EAEC48A0-F95D-43CD-A75C-55088651B503}.SingleImage|Any CPU.Build.0 = Release|Any CPU
		{20ECB6F2-6464-48DF-8BDE-3F1B4B5B27C7}.CD_ROM|Any CPU.ActiveCfg = Release|Any CPU
		{20ECB6F2-6464-48DF-8BDE-3F1B4B5B27C7}.CD_ROM|Any CPU.Build.0 = Release|Any CPU
		{20ECB6F2-6464-48DF-8BDE-3F1B4B5B27C7}.Debug|Any CPU.ActiveCfg = Debug|Any CPU
		{20ECB6F2-6464-48DF-8BDE-3F1B4B5B27C7}.Debug|Any CPU.Build.0 = Debug|Any CPU
		{20ECB6F2-6464-48DF-8BDE-3F1B4B5B27C7}.DVD-5|Any CPU.ActiveCfg = Debug|Any CPU
		{20ECB6F2-6464-48DF-8BDE-3F1B4B5B27C7}.DVD-5|Any CPU.Build.0 = Debug|Any CPU
		{20ECB6F2-6464-48DF-8BDE-3F1B4B5B27C7}.Release|Any CPU.ActiveCfg = Release|Any CPU
		{20ECB6F2-6464-48DF-8BDE-3F1B4B5B27C7}.Release|Any CPU.Build.0 = Release|Any CPU
		{20ECB6F2-6464-48DF-8BDE-3F1B4B5B27C7}.SingleImage|Any CPU.ActiveCfg = Release|Any CPU
		{20ECB6F2-6464-48DF-8BDE-3F1B4B5B27C7}.SingleImage|Any CPU.Build.0 = Release|Any CPU
		{938A7D23-27CE-4343-ADBB-8D7F0175AB7F}.CD_ROM|Any CPU.ActiveCfg = Release|Any CPU
		{938A7D23-27CE-4343-ADBB-8D7F0175AB7F}.CD_ROM|Any CPU.Build.0 = Release|Any CPU
		{938A7D23-27CE-4343-ADBB-8D7F0175AB7F}.Debug|Any CPU.ActiveCfg = Debug|Any CPU
		{938A7D23-27CE-4343-ADBB-8D7F0175AB7F}.Debug|Any CPU.Build.0 = Debug|Any CPU
		{938A7D23-27CE-4343-ADBB-8D7F0175AB7F}.DVD-5|Any CPU.ActiveCfg = Debug|Any CPU
		{938A7D23-27CE-4343-ADBB-8D7F0175AB7F}.DVD-5|Any CPU.Build.0 = Debug|Any CPU
		{938A7D23-27CE-4343-ADBB-8D7F0175AB7F}.Release|Any CPU.ActiveCfg = Release|Any CPU
		{938A7D23-27CE-4343-ADBB-8D7F0175AB7F}.Release|Any CPU.Build.0 = Release|Any CPU
		{938A7D23-27CE-4343-ADBB-8D7F0175AB7F}.SingleImage|Any CPU.ActiveCfg = Release|Any CPU
		{938A7D23-27CE-4343-ADBB-8D7F0175AB7F}.SingleImage|Any CPU.Build.0 = Release|Any CPU
		{4D2AECB1-C41C-450C-B89E-73D9BC6C1DE7}.CD_ROM|Any CPU.ActiveCfg = Release|Any CPU
		{4D2AECB1-C41C-450C-B89E-73D9BC6C1DE7}.CD_ROM|Any CPU.Build.0 = Release|Any CPU
		{4D2AECB1-C41C-450C-B89E-73D9BC6C1DE7}.Debug|Any CPU.ActiveCfg = Debug|Any CPU
		{4D2AECB1-C41C-450C-B89E-73D9BC6C1DE7}.Debug|Any CPU.Build.0 = Debug|Any CPU
		{4D2AECB1-C41C-450C-B89E-73D9BC6C1DE7}.DVD-5|Any CPU.ActiveCfg = Debug|Any CPU
		{4D2AECB1-C41C-450C-B89E-73D9BC6C1DE7}.DVD-5|Any CPU.Build.0 = Debug|Any CPU
		{4D2AECB1-C41C-450C-B89E-73D9BC6C1DE7}.Release|Any CPU.ActiveCfg = Release|Any CPU
		{4D2AECB1-C41C-450C-B89E-73D9BC6C1DE7}.Release|Any CPU.Build.0 = Release|Any CPU
		{4D2AECB1-C41C-450C-B89E-73D9BC6C1DE7}.SingleImage|Any CPU.ActiveCfg = Release|Any CPU
		{4D2AECB1-C41C-450C-B89E-73D9BC6C1DE7}.SingleImage|Any CPU.Build.0 = Release|Any CPU
		{D22CE8F9-6B61-41A9-9F75-A06ADA91D0E6}.CD_ROM|Any CPU.ActiveCfg = Release|Any CPU
		{D22CE8F9-6B61-41A9-9F75-A06ADA91D0E6}.CD_ROM|Any CPU.Build.0 = Release|Any CPU
		{D22CE8F9-6B61-41A9-9F75-A06ADA91D0E6}.Debug|Any CPU.ActiveCfg = Debug|Any CPU
		{D22CE8F9-6B61-41A9-9F75-A06ADA91D0E6}.Debug|Any CPU.Build.0 = Debug|Any CPU
		{D22CE8F9-6B61-41A9-9F75-A06ADA91D0E6}.DVD-5|Any CPU.ActiveCfg = Debug|Any CPU
		{D22CE8F9-6B61-41A9-9F75-A06ADA91D0E6}.DVD-5|Any CPU.Build.0 = Debug|Any CPU
		{D22CE8F9-6B61-41A9-9F75-A06ADA91D0E6}.Release|Any CPU.ActiveCfg = Release|Any CPU
		{D22CE8F9-6B61-41A9-9F75-A06ADA91D0E6}.Release|Any CPU.Build.0 = Release|Any CPU
		{D22CE8F9-6B61-41A9-9F75-A06ADA91D0E6}.SingleImage|Any CPU.ActiveCfg = Release|Any CPU
		{D22CE8F9-6B61-41A9-9F75-A06ADA91D0E6}.SingleImage|Any CPU.Build.0 = Release|Any CPU
		{58577031-4ECC-43FF-99A0-855CC06E9EB5}.CD_ROM|Any CPU.ActiveCfg = CD_ROM
		{58577031-4ECC-43FF-99A0-855CC06E9EB5}.CD_ROM|Any CPU.Build.0 = CD_ROM
		{58577031-4ECC-43FF-99A0-855CC06E9EB5}.Debug|Any CPU.ActiveCfg = DVD-5
		{58577031-4ECC-43FF-99A0-855CC06E9EB5}.Debug|Any CPU.Build.0 = DVD-5
		{58577031-4ECC-43FF-99A0-855CC06E9EB5}.DVD-5|Any CPU.ActiveCfg = DVD-5
		{58577031-4ECC-43FF-99A0-855CC06E9EB5}.DVD-5|Any CPU.Build.0 = DVD-5
		{58577031-4ECC-43FF-99A0-855CC06E9EB5}.Release|Any CPU.ActiveCfg = SingleImage
		{58577031-4ECC-43FF-99A0-855CC06E9EB5}.Release|Any CPU.Build.0 = SingleImage
		{58577031-4ECC-43FF-99A0-855CC06E9EB5}.SingleImage|Any CPU.ActiveCfg = SingleImage
		{58577031-4ECC-43FF-99A0-855CC06E9EB5}.SingleImage|Any CPU.Build.0 = SingleImage
	EndGlobalSection
	GlobalSection(SolutionProperties) = preSolution
		HideSolutionNode = FALSE
	EndGlobalSection
EndGlobal
